
Microsoft Visual Studio Solution File, Format Version 12.00
# Visual Studio Version 17
VisualStudioVersion = 17.4.33110.190
MinimumVisualStudioVersion = 10.0.40219.1
Project("{FAE04EC0-301F-11D3-BF4B-00C04F79EFBC}") = "Zip", "Zip\Zip.csproj", "{EFE08BC7-6B9F-4B85-A2C4-A2BA219F052B}"
EndProject
Global
	GlobalSection(SolutionConfigurationPlatforms) = preSolution
		Debug|Any CPU = Debug|Any CPU
		Release|Any CPU = Release|Any CPU
	EndGlobalSection
	GlobalSection(ProjectConfigurationPlatforms) = postSolution
		{EFE08BC7-6B9F-4B85-A2C4-A2BA219F052B}.Debug|Any CPU.ActiveCfg = Debug|Any CPU
		{EFE08BC7-6B9F-4B85-A2C4-A2BA219F052B}.Debug|Any CPU.Build.0 = Debug|Any CPU
		{EFE08BC7-6B9F-4B85-A2C4-A2BA219F052B}.Release|Any CPU.ActiveCfg = Release|Any CPU
		{EFE08BC7-6B9F-4B85-A2C4-A2BA219F052B}.Release|Any CPU.Build.0 = Release|Any CPU
	EndGlobalSection
	GlobalSection(SolutionProperties) = preSolution
		HideSolutionNode = FALSE
	EndGlobalSection
	GlobalSection(ExtensibilityGlobals) = postSolution
		SolutionGuid = {38B11597-33BD-4A12-A7C1-13B7D686B342}
	EndGlobalSection
EndGlobal
