
Microsoft Visual Studio Solution File, Format Version 12.00
# Visual Studio Version 17
VisualStudioVersion = 17.3.32929.385
MinimumVisualStudioVersion = 10.0.40219.1
Project("{FAE04EC0-301F-11D3-BF4B-00C04F79EFBC}") = "SchoolApp", "SchoolApp\SchoolApp.csproj", "{CCDC8543-9F79-4C4E-A931-D5D538C6C471}"
EndProject
Global
	GlobalSection(SolutionConfigurationPlatforms) = preSolution
		Debug|Any CPU = Debug|Any CPU
		Release|Any CPU = Release|Any CPU
	EndGlobalSection
	GlobalSection(ProjectConfigurationPlatforms) = postSolution
		{CCDC8543-9F79-4C4E-A931-D5D538C6C471}.Debug|Any CPU.ActiveCfg = Debug|Any CPU
		{CCDC8543-9F79-4C4E-A931-D5D538C6C471}.Debug|Any CPU.Build.0 = Debug|Any CPU
		{CCDC8543-9F79-4C4E-A931-D5D538C6C471}.Release|Any CPU.ActiveCfg = Release|Any CPU
		{CCDC8543-9F79-4C4E-A931-D5D538C6C471}.Release|Any CPU.Build.0 = Release|Any CPU
	EndGlobalSection
	GlobalSection(SolutionProperties) = preSolution
		HideSolutionNode = FALSE
	EndGlobalSection
	GlobalSection(ExtensibilityGlobals) = postSolution
		SolutionGuid = {0458B4B4-9E35-44D5-972F-1BC03D83365D}
	EndGlobalSection
EndGlobal
