
Microsoft Visual Studio Solution File, Format Version 12.00
# Visual Studio Version 17
VisualStudioVersion = 17.3.32922.545
MinimumVisualStudioVersion = 10.0.40219.1
Project("{FAE04EC0-301F-11D3-BF4B-00C04F79EFBC}") = "Task 53 find sum of squares in array", "Task 53 find sum of squares in array\Task 53 find sum of squares in array.csproj", "{0A48653F-7841-4BAA-95AF-67A3FA86E874}"
EndProject
Global
	GlobalSection(SolutionConfigurationPlatforms) = preSolution
		Debug|Any CPU = Debug|Any CPU
		Release|Any CPU = Release|Any CPU
	EndGlobalSection
	GlobalSection(ProjectConfigurationPlatforms) = postSolution
		{0A48653F-7841-4BAA-95AF-67A3FA86E874}.Debug|Any CPU.ActiveCfg = Debug|Any CPU
		{0A48653F-7841-4BAA-95AF-67A3FA86E874}.Debug|Any CPU.Build.0 = Debug|Any CPU
		{0A48653F-7841-4BAA-95AF-67A3FA86E874}.Release|Any CPU.ActiveCfg = Release|Any CPU
		{0A48653F-7841-4BAA-95AF-67A3FA86E874}.Release|Any CPU.Build.0 = Release|Any CPU
	EndGlobalSection
	GlobalSection(SolutionProperties) = preSolution
		HideSolutionNode = FALSE
	EndGlobalSection
	GlobalSection(ExtensibilityGlobals) = postSolution
		SolutionGuid = {BAD0B180-5AD5-4BF1-9FB2-3411C69785AC}
	EndGlobalSection
EndGlobal
