
Microsoft Visual Studio Solution File, Format Version 12.00
# Visual Studio Version 17
VisualStudioVersion = 17.4.33110.190
MinimumVisualStudioVersion = 10.0.40219.1
Project("{FAE04EC0-301F-11D3-BF4B-00C04F79EFBC}") = "BinaryWriters", "BinaryWriters\BinaryWriters.csproj", "{F4C677AD-44DB-4FFA-A477-8115486DB939}"
EndProject
Global
	GlobalSection(SolutionConfigurationPlatforms) = preSolution
		Debug|Any CPU = Debug|Any CPU
		Release|Any CPU = Release|Any CPU
	EndGlobalSection
	GlobalSection(ProjectConfigurationPlatforms) = postSolution
		{F4C677AD-44DB-4FFA-A477-8115486DB939}.Debug|Any CPU.ActiveCfg = Debug|Any CPU
		{F4C677AD-44DB-4FFA-A477-8115486DB939}.Debug|Any CPU.Build.0 = Debug|Any CPU
		{F4C677AD-44DB-4FFA-A477-8115486DB939}.Release|Any CPU.ActiveCfg = Release|Any CPU
		{F4C677AD-44DB-4FFA-A477-8115486DB939}.Release|Any CPU.Build.0 = Release|Any CPU
	EndGlobalSection
	GlobalSection(SolutionProperties) = preSolution
		HideSolutionNode = FALSE
	EndGlobalSection
	GlobalSection(ExtensibilityGlobals) = postSolution
		SolutionGuid = {A67C9932-713A-42BF-82CE-C5C40F4FC605}
	EndGlobalSection
EndGlobal
