
Microsoft Visual Studio Solution File, Format Version 12.00
# Visual Studio Version 17
VisualStudioVersion = 17.3.32922.545
MinimumVisualStudioVersion = 10.0.40219.1
Project("{FAE04EC0-301F-11D3-BF4B-00C04F79EFBC}") = "Task 24 Check ints and lenght in array", "Task 24 Check ints and lenght in array\Task 24 Check ints and lenght in array.csproj", "{36074D49-FE9C-400E-BF61-D2B13040FC74}"
EndProject
Global
	GlobalSection(SolutionConfigurationPlatforms) = preSolution
		Debug|Any CPU = Debug|Any CPU
		Release|Any CPU = Release|Any CPU
	EndGlobalSection
	GlobalSection(ProjectConfigurationPlatforms) = postSolution
		{36074D49-FE9C-400E-BF61-D2B13040FC74}.Debug|Any CPU.ActiveCfg = Debug|Any CPU
		{36074D49-FE9C-400E-BF61-D2B13040FC74}.Debug|Any CPU.Build.0 = Debug|Any CPU
		{36074D49-FE9C-400E-BF61-D2B13040FC74}.Release|Any CPU.ActiveCfg = Release|Any CPU
		{36074D49-FE9C-400E-BF61-D2B13040FC74}.Release|Any CPU.Build.0 = Release|Any CPU
	EndGlobalSection
	GlobalSection(SolutionProperties) = preSolution
		HideSolutionNode = FALSE
	EndGlobalSection
	GlobalSection(ExtensibilityGlobals) = postSolution
		SolutionGuid = {A9AB3222-EF68-4F4E-AB3F-7B2031B1385A}
	EndGlobalSection
EndGlobal
