
Microsoft Visual Studio Solution File, Format Version 12.00
# Visual Studio Version 17
VisualStudioVersion = 17.3.32922.545
MinimumVisualStudioVersion = 10.0.40219.1
Project("{FAE04EC0-301F-11D3-BF4B-00C04F79EFBC}") = "Task 51 Get ascii value of char", "Task 51 Get ascii value of char\Task 51 Get ascii value of char.csproj", "{EA845DD5-0082-41BF-B11B-76AC0D07355D}"
EndProject
Global
	GlobalSection(SolutionConfigurationPlatforms) = preSolution
		Debug|Any CPU = Debug|Any CPU
		Release|Any CPU = Release|Any CPU
	EndGlobalSection
	GlobalSection(ProjectConfigurationPlatforms) = postSolution
		{EA845DD5-0082-41BF-B11B-76AC0D07355D}.Debug|Any CPU.ActiveCfg = Debug|Any CPU
		{EA845DD5-0082-41BF-B11B-76AC0D07355D}.Debug|Any CPU.Build.0 = Debug|Any CPU
		{EA845DD5-0082-41BF-B11B-76AC0D07355D}.Release|Any CPU.ActiveCfg = Release|Any CPU
		{EA845DD5-0082-41BF-B11B-76AC0D07355D}.Release|Any CPU.Build.0 = Release|Any CPU
	EndGlobalSection
	GlobalSection(SolutionProperties) = preSolution
		HideSolutionNode = FALSE
	EndGlobalSection
	GlobalSection(ExtensibilityGlobals) = postSolution
		SolutionGuid = {C9EE0DC0-C55E-4D47-87CD-5589C22CAE2F}
	EndGlobalSection
EndGlobal
