
Microsoft Visual Studio Solution File, Format Version 12.00
# Visual Studio Version 17
VisualStudioVersion = 17.3.32922.545
MinimumVisualStudioVersion = 10.0.40219.1
Project("{FAE04EC0-301F-11D3-BF4B-00C04F79EFBC}") = "Task 13 Check if HP is in scnd place", "Task 13 Check if HP is in scnd place\Task 13 Check if HP is in scnd place.csproj", "{E1502A63-73DF-4803-A2C7-E10B3B477AFC}"
EndProject
Global
	GlobalSection(SolutionConfigurationPlatforms) = preSolution
		Debug|Any CPU = Debug|Any CPU
		Release|Any CPU = Release|Any CPU
	EndGlobalSection
	GlobalSection(ProjectConfigurationPlatforms) = postSolution
		{E1502A63-73DF-4803-A2C7-E10B3B477AFC}.Debug|Any CPU.ActiveCfg = Debug|Any CPU
		{E1502A63-73DF-4803-A2C7-E10B3B477AFC}.Debug|Any CPU.Build.0 = Debug|Any CPU
		{E1502A63-73DF-4803-A2C7-E10B3B477AFC}.Release|Any CPU.ActiveCfg = Release|Any CPU
		{E1502A63-73DF-4803-A2C7-E10B3B477AFC}.Release|Any CPU.Build.0 = Release|Any CPU
	EndGlobalSection
	GlobalSection(SolutionProperties) = preSolution
		HideSolutionNode = FALSE
	EndGlobalSection
	GlobalSection(ExtensibilityGlobals) = postSolution
		SolutionGuid = {187A6B2F-55AB-477F-A516-AFA05D518522}
	EndGlobalSection
EndGlobal
