
Microsoft Visual Studio Solution File, Format Version 12.00
# Visual Studio Version 17
VisualStudioVersion = 17.3.32922.545
MinimumVisualStudioVersion = 10.0.40219.1
Project("{FAE04EC0-301F-11D3-BF4B-00C04F79EFBC}") = "Task 11 Check if one num is greater and one lower", "Task 11 Check if one num is greater and one lower\Task 11 Check if one num is greater and one lower.csproj", "{5B23D0C9-F522-40DA-A8EF-E1773C8EA468}"
EndProject
Global
	GlobalSection(SolutionConfigurationPlatforms) = preSolution
		Debug|Any CPU = Debug|Any CPU
		Release|Any CPU = Release|Any CPU
	EndGlobalSection
	GlobalSection(ProjectConfigurationPlatforms) = postSolution
		{5B23D0C9-F522-40DA-A8EF-E1773C8EA468}.Debug|Any CPU.ActiveCfg = Debug|Any CPU
		{5B23D0C9-F522-40DA-A8EF-E1773C8EA468}.Debug|Any CPU.Build.0 = Debug|Any CPU
		{5B23D0C9-F522-40DA-A8EF-E1773C8EA468}.Release|Any CPU.ActiveCfg = Release|Any CPU
		{5B23D0C9-F522-40DA-A8EF-E1773C8EA468}.Release|Any CPU.Build.0 = Release|Any CPU
	EndGlobalSection
	GlobalSection(SolutionProperties) = preSolution
		HideSolutionNode = FALSE
	EndGlobalSection
	GlobalSection(ExtensibilityGlobals) = postSolution
		SolutionGuid = {67A51CAA-F4FC-40C1-A01C-12B8839B65FA}
	EndGlobalSection
EndGlobal
