
Microsoft Visual Studio Solution File, Format Version 12.00
# Visual Studio Version 17
VisualStudioVersion = 17.3.32922.545
MinimumVisualStudioVersion = 10.0.40219.1
Project("{FAE04EC0-301F-11D3-BF4B-00C04F79EFBC}") = "Task 19 Check if given string starts with w", "Task 19 Check if given string starts with w\Task 19 Check if given string starts with w.csproj", "{F7978BDB-95FF-494D-AB20-CB5736F7EC88}"
EndProject
Global
	GlobalSection(SolutionConfigurationPlatforms) = preSolution
		Debug|Any CPU = Debug|Any CPU
		Release|Any CPU = Release|Any CPU
	EndGlobalSection
	GlobalSection(ProjectConfigurationPlatforms) = postSolution
		{F7978BDB-95FF-494D-AB20-CB5736F7EC88}.Debug|Any CPU.ActiveCfg = Debug|Any CPU
		{F7978BDB-95FF-494D-AB20-CB5736F7EC88}.Debug|Any CPU.Build.0 = Debug|Any CPU
		{F7978BDB-95FF-494D-AB20-CB5736F7EC88}.Release|Any CPU.ActiveCfg = Release|Any CPU
		{F7978BDB-95FF-494D-AB20-CB5736F7EC88}.Release|Any CPU.Build.0 = Release|Any CPU
	EndGlobalSection
	GlobalSection(SolutionProperties) = preSolution
		HideSolutionNode = FALSE
	EndGlobalSection
	GlobalSection(ExtensibilityGlobals) = postSolution
		SolutionGuid = {24C4EA93-C6FB-4D15-B031-B1C98EBECE45}
	EndGlobalSection
EndGlobal
