
Microsoft Visual Studio Solution File, Format Version 12.00
# Visual Studio Version 17
VisualStudioVersion = 17.4.33110.190
MinimumVisualStudioVersion = 10.0.40219.1
Project("{FAE04EC0-301F-11D3-BF4B-00C04F79EFBC}") = "Dictionaries", "Dictionaries\Dictionaries.csproj", "{BB91E19C-4004-4420-AB60-978FEEB61A88}"
EndProject
Global
	GlobalSection(SolutionConfigurationPlatforms) = preSolution
		Debug|Any CPU = Debug|Any CPU
		Release|Any CPU = Release|Any CPU
	EndGlobalSection
	GlobalSection(ProjectConfigurationPlatforms) = postSolution
		{BB91E19C-4004-4420-AB60-978FEEB61A88}.Debug|Any CPU.ActiveCfg = Debug|Any CPU
		{BB91E19C-4004-4420-AB60-978FEEB61A88}.Debug|Any CPU.Build.0 = Debug|Any CPU
		{BB91E19C-4004-4420-AB60-978FEEB61A88}.Release|Any CPU.ActiveCfg = Release|Any CPU
		{BB91E19C-4004-4420-AB60-978FEEB61A88}.Release|Any CPU.Build.0 = Release|Any CPU
	EndGlobalSection
	GlobalSection(SolutionProperties) = preSolution
		HideSolutionNode = FALSE
	EndGlobalSection
	GlobalSection(ExtensibilityGlobals) = postSolution
		SolutionGuid = {D1821B0B-C2E9-4481-88F4-A536D5BDB971}
	EndGlobalSection
EndGlobal
