
Microsoft Visual Studio Solution File, Format Version 12.00
# Visual Studio Version 17
VisualStudioVersion = 17.3.32922.545
MinimumVisualStudioVersion = 10.0.40219.1
Project("{FAE04EC0-301F-11D3-BF4B-00C04F79EFBC}") = "Task 32 Integers in lists", "Task 32 Integers in lists\Task 32 Integers in lists.csproj", "{4EF463C0-3B83-4D66-9B62-7F5CF6994BD3}"
EndProject
Global
	GlobalSection(SolutionConfigurationPlatforms) = preSolution
		Debug|Any CPU = Debug|Any CPU
		Release|Any CPU = Release|Any CPU
	EndGlobalSection
	GlobalSection(ProjectConfigurationPlatforms) = postSolution
		{4EF463C0-3B83-4D66-9B62-7F5CF6994BD3}.Debug|Any CPU.ActiveCfg = Debug|Any CPU
		{4EF463C0-3B83-4D66-9B62-7F5CF6994BD3}.Debug|Any CPU.Build.0 = Debug|Any CPU
		{4EF463C0-3B83-4D66-9B62-7F5CF6994BD3}.Release|Any CPU.ActiveCfg = Release|Any CPU
		{4EF463C0-3B83-4D66-9B62-7F5CF6994BD3}.Release|Any CPU.Build.0 = Release|Any CPU
	EndGlobalSection
	GlobalSection(SolutionProperties) = preSolution
		HideSolutionNode = FALSE
	EndGlobalSection
	GlobalSection(ExtensibilityGlobals) = postSolution
		SolutionGuid = {86D84021-895F-47A9-AB3F-F370478F9B73}
	EndGlobalSection
EndGlobal
