
Microsoft Visual Studio Solution File, Format Version 12.00
# Visual Studio Version 17
VisualStudioVersion = 17.3.32922.545
MinimumVisualStudioVersion = 10.0.40219.1
Project("{FAE04EC0-301F-11D3-BF4B-00C04F79EFBC}") = "Class Inheritance", "Class Inheritance\Class Inheritance.csproj", "{165644BE-6E18-49D3-B4B5-89B209D5C1C8}"
EndProject
Global
	GlobalSection(SolutionConfigurationPlatforms) = preSolution
		Debug|Any CPU = Debug|Any CPU
		Release|Any CPU = Release|Any CPU
	EndGlobalSection
	GlobalSection(ProjectConfigurationPlatforms) = postSolution
		{165644BE-6E18-49D3-B4B5-89B209D5C1C8}.Debug|Any CPU.ActiveCfg = Debug|Any CPU
		{165644BE-6E18-49D3-B4B5-89B209D5C1C8}.Debug|Any CPU.Build.0 = Debug|Any CPU
		{165644BE-6E18-49D3-B4B5-89B209D5C1C8}.Release|Any CPU.ActiveCfg = Release|Any CPU
		{165644BE-6E18-49D3-B4B5-89B209D5C1C8}.Release|Any CPU.Build.0 = Release|Any CPU
	EndGlobalSection
	GlobalSection(SolutionProperties) = preSolution
		HideSolutionNode = FALSE
	EndGlobalSection
	GlobalSection(ExtensibilityGlobals) = postSolution
		SolutionGuid = {161640B0-962C-472D-952A-28D51FFB1145}
	EndGlobalSection
EndGlobal
