
Microsoft Visual Studio Solution File, Format Version 12.00
# Visual Studio Version 17
VisualStudioVersion = 17.3.32922.545
MinimumVisualStudioVersion = 10.0.40219.1
Project("{FAE04EC0-301F-11D3-BF4B-00C04F79EFBC}") = "Task 30 Get the century from a year", "Task 30 Get the century from a year\Task 30 Get the century from a year.csproj", "{51F884ED-C24D-415D-A318-EF98FBA94BC7}"
EndProject
Global
	GlobalSection(SolutionConfigurationPlatforms) = preSolution
		Debug|Any CPU = Debug|Any CPU
		Release|Any CPU = Release|Any CPU
	EndGlobalSection
	GlobalSection(ProjectConfigurationPlatforms) = postSolution
		{51F884ED-C24D-415D-A318-EF98FBA94BC7}.Debug|Any CPU.ActiveCfg = Debug|Any CPU
		{51F884ED-C24D-415D-A318-EF98FBA94BC7}.Debug|Any CPU.Build.0 = Debug|Any CPU
		{51F884ED-C24D-415D-A318-EF98FBA94BC7}.Release|Any CPU.ActiveCfg = Release|Any CPU
		{51F884ED-C24D-415D-A318-EF98FBA94BC7}.Release|Any CPU.Build.0 = Release|Any CPU
	EndGlobalSection
	GlobalSection(SolutionProperties) = preSolution
		HideSolutionNode = FALSE
	EndGlobalSection
	GlobalSection(ExtensibilityGlobals) = postSolution
		SolutionGuid = {83C327DD-0E4F-43DD-A2C6-6B80D61E1586}
	EndGlobalSection
EndGlobal
