
Microsoft Visual Studio Solution File, Format Version 12.00
# Visual Studio Version 17
VisualStudioVersion = 17.3.32922.545
MinimumVisualStudioVersion = 10.0.40219.1
Project("{FAE04EC0-301F-11D3-BF4B-00C04F79EFBC}") = "Task 25 it is task 24 but with 2 arrays", "Task 25 it is task 24 but with 2 arrays\Task 25 it is task 24 but with 2 arrays.csproj", "{C1544E5E-B1B0-45BA-B631-54F071E4C580}"
EndProject
Global
	GlobalSection(SolutionConfigurationPlatforms) = preSolution
		Debug|Any CPU = Debug|Any CPU
		Release|Any CPU = Release|Any CPU
	EndGlobalSection
	GlobalSection(ProjectConfigurationPlatforms) = postSolution
		{C1544E5E-B1B0-45BA-B631-54F071E4C580}.Debug|Any CPU.ActiveCfg = Debug|Any CPU
		{C1544E5E-B1B0-45BA-B631-54F071E4C580}.Debug|Any CPU.Build.0 = Debug|Any CPU
		{C1544E5E-B1B0-45BA-B631-54F071E4C580}.Release|Any CPU.ActiveCfg = Release|Any CPU
		{C1544E5E-B1B0-45BA-B631-54F071E4C580}.Release|Any CPU.Build.0 = Release|Any CPU
	EndGlobalSection
	GlobalSection(SolutionProperties) = preSolution
		HideSolutionNode = FALSE
	EndGlobalSection
	GlobalSection(ExtensibilityGlobals) = postSolution
		SolutionGuid = {ED29E36A-0B6E-4ADA-BDAE-419079CE3C18}
	EndGlobalSection
EndGlobal
