
Microsoft Visual Studio Solution File, Format Version 12.00
# Visual Studio Version 17
VisualStudioVersion = 17.3.32922.545
MinimumVisualStudioVersion = 10.0.40219.1
Project("{FAE04EC0-301F-11D3-BF4B-00C04F79EFBC}") = "Task 5 Reverse the order of words in a sentence", "Task 5 Reverse the order of words in a sentence\Task 5 Reverse the order of words in a sentence.csproj", "{75C96548-1A03-4066-9B8B-B4A4D59E675D}"
EndProject
Global
	GlobalSection(SolutionConfigurationPlatforms) = preSolution
		Debug|Any CPU = Debug|Any CPU
		Release|Any CPU = Release|Any CPU
	EndGlobalSection
	GlobalSection(ProjectConfigurationPlatforms) = postSolution
		{75C96548-1A03-4066-9B8B-B4A4D59E675D}.Debug|Any CPU.ActiveCfg = Debug|Any CPU
		{75C96548-1A03-4066-9B8B-B4A4D59E675D}.Debug|Any CPU.Build.0 = Debug|Any CPU
		{75C96548-1A03-4066-9B8B-B4A4D59E675D}.Release|Any CPU.ActiveCfg = Release|Any CPU
		{75C96548-1A03-4066-9B8B-B4A4D59E675D}.Release|Any CPU.Build.0 = Release|Any CPU
	EndGlobalSection
	GlobalSection(SolutionProperties) = preSolution
		HideSolutionNode = FALSE
	EndGlobalSection
	GlobalSection(ExtensibilityGlobals) = postSolution
		SolutionGuid = {3A9A3CC9-3084-469D-9574-E27600E0C6E3}
	EndGlobalSection
EndGlobal
