
Microsoft Visual Studio Solution File, Format Version 12.00
# Visual Studio Version 17
VisualStudioVersion = 17.5.33516.290
MinimumVisualStudioVersion = 10.0.40219.1
Project("{FAE04EC0-301F-11D3-BF4B-00C04F79EFBC}") = "Testing_Figuring_Out", "Testing_Figuring_Out\Testing_Figuring_Out.csproj", "{21483459-0424-49A4-BA2F-EB8BBFE0AF72}"
EndProject
Global
	GlobalSection(SolutionConfigurationPlatforms) = preSolution
		Debug|Any CPU = Debug|Any CPU
		Release|Any CPU = Release|Any CPU
	EndGlobalSection
	GlobalSection(ProjectConfigurationPlatforms) = postSolution
		{21483459-0424-49A4-BA2F-EB8BBFE0AF72}.Debug|Any CPU.ActiveCfg = Debug|Any CPU
		{21483459-0424-49A4-BA2F-EB8BBFE0AF72}.Debug|Any CPU.Build.0 = Debug|Any CPU
		{21483459-0424-49A4-BA2F-EB8BBFE0AF72}.Release|Any CPU.ActiveCfg = Release|Any CPU
		{21483459-0424-49A4-BA2F-EB8BBFE0AF72}.Release|Any CPU.Build.0 = Release|Any CPU
	EndGlobalSection
	GlobalSection(SolutionProperties) = preSolution
		HideSolutionNode = FALSE
	EndGlobalSection
	GlobalSection(ExtensibilityGlobals) = postSolution
		SolutionGuid = {496656EA-319F-4BE9-96B5-AB421C5DD070}
	EndGlobalSection
EndGlobal
